
Microsoft Visual Studio Solution File, Format Version 12.00
# Visual Studio 15
VisualStudioVersion = 15.0.28307.1433
MinimumVisualStudioVersion = 10.0.40219.1
Project("{8BC9CEB8-8B4A-11D0-8D11-00A0C91BC942}") = "Stack", "Stack\Stack.vcxproj", "{6BCE8FEB-CC9B-47E6-9BEC-901954223099}"
EndProject
Project("{8BC9CEB8-8B4A-11D0-8D11-00A0C91BC942}") = "Loader", "Loader\Loader.vcxproj", "{C891C882-CD44-418D-B3AB-97742F4A697F}"
EndProject
Project("{2150E333-8FDC-42A3-9474-1A3956D46DE8}") = "Common", "Common", "{27B5F20D-A8A5-45AA-A692-EDD096CD50FC}"
	ProjectSection(SolutionItems) = preProject
		Common\CmdlineParser.hpp = Common\CmdlineParser.hpp
		Common\Tools.hpp = Common\Tools.hpp
	EndProjectSection
EndProject
Global
	GlobalSection(SolutionConfigurationPlatforms) = preSolution
		Debug|x64 = Debug|x64
		Debug|x86 = Debug|x86
		Release|x64 = Release|x64
		Release|x86 = Release|x86
	EndGlobalSection
	GlobalSection(ProjectConfigurationPlatforms) = postSolution
		{6BCE8FEB-CC9B-47E6-9BEC-901954223099}.Debug|x64.ActiveCfg = Debug|x64
		{6BCE8FEB-CC9B-47E6-9BEC-901954223099}.Debug|x86.ActiveCfg = Debug|Win32
		{6BCE8FEB-CC9B-47E6-9BEC-901954223099}.Release|x64.ActiveCfg = Release|x64
		{6BCE8FEB-CC9B-47E6-9BEC-901954223099}.Release|x86.ActiveCfg = Release|Win32
		{C891C882-CD44-418D-B3AB-97742F4A697F}.Debug|x64.ActiveCfg = Debug|x64
		{C891C882-CD44-418D-B3AB-97742F4A697F}.Debug|x64.Build.0 = Debug|x64
		{C891C882-CD44-418D-B3AB-97742F4A697F}.Debug|x86.ActiveCfg = Debug|Win32
		{C891C882-CD44-418D-B3AB-97742F4A697F}.Debug|x86.Build.0 = Debug|Win32
		{C891C882-CD44-418D-B3AB-97742F4A697F}.Release|x64.ActiveCfg = Release|x64
		{C891C882-CD44-418D-B3AB-97742F4A697F}.Release|x64.Build.0 = Release|x64
		{C891C882-CD44-418D-B3AB-97742F4A697F}.Release|x86.ActiveCfg = Release|Win32
		{C891C882-CD44-418D-B3AB-97742F4A697F}.Release|x86.Build.0 = Release|Win32
	EndGlobalSection
	GlobalSection(SolutionProperties) = preSolution
		HideSolutionNode = FALSE
	EndGlobalSection
	GlobalSection(ExtensibilityGlobals) = postSolution
		SolutionGuid = {77959ED0-447C-4A9E-87AE-02085EC4520F}
	EndGlobalSection
EndGlobal
